
Microsoft Visual Studio Solution File, Format Version 12.00
# Visual Studio Version 16
VisualStudioVersion = 16.0.29613.14
MinimumVisualStudioVersion = 10.0.40219.1
Project("{FAE04EC0-301F-11D3-BF4B-00C04F79EFBC}") = "2048-game", "2048-game\2048-game.csproj", "{74D98E0C-69AF-4DC6-95BC-E41C7E89FB14}"
EndProject
Global
	GlobalSection(SolutionConfigurationPlatforms) = preSolution
		Debug|Any CPU = Debug|Any CPU
		Release|Any CPU = Release|Any CPU
	EndGlobalSection
	GlobalSection(ProjectConfigurationPlatforms) = postSolution
		{74D98E0C-69AF-4DC6-95BC-E41C7E89FB14}.Debug|Any CPU.ActiveCfg = Debug|Any CPU
		{74D98E0C-69AF-4DC6-95BC-E41C7E89FB14}.Debug|Any CPU.Build.0 = Debug|Any CPU
		{74D98E0C-69AF-4DC6-95BC-E41C7E89FB14}.Release|Any CPU.ActiveCfg = Release|Any CPU
		{74D98E0C-69AF-4DC6-95BC-E41C7E89FB14}.Release|Any CPU.Build.0 = Release|Any CPU
	EndGlobalSection
	GlobalSection(SolutionProperties) = preSolution
		HideSolutionNode = FALSE
	EndGlobalSection
	GlobalSection(ExtensibilityGlobals) = postSolution
		SolutionGuid = {19D7C66C-B23D-42E3-9C9D-765A01D219AB}
	EndGlobalSection
EndGlobal
